Microsoft Visual Studio Solution File, Format Version 12.00
# Visual Studio Version 17
VisualStudioVersion = 17.5.2.0
MinimumVisualStudioVersion = 10.0.40219.1
Project("{FAE04EC0-301F-11D3-BF4B-00C04F79EFBC}") = "backendIotSystemUlsa", "backendIotSystemUlsa.csproj", "{D35020B2-33BE-6630-C1FF-2EA414178EFC}"
EndProject
Global
	GlobalSection(SolutionConfigurationPlatforms) = preSolution
		Debug|Any CPU = Debug|Any CPU
		Release|Any CPU = Release|Any CPU
	EndGlobalSection
	GlobalSection(ProjectConfigurationPlatforms) = postSolution
		{D35020B2-33BE-6630-C1FF-2EA414178EFC}.Debug|Any CPU.ActiveCfg = Debug|Any CPU
		{D35020B2-33BE-6630-C1FF-2EA414178EFC}.Debug|Any CPU.Build.0 = Debug|Any CPU
		{D35020B2-33BE-6630-C1FF-2EA414178EFC}.Release|Any CPU.ActiveCfg = Release|Any CPU
		{D35020B2-33BE-6630-C1FF-2EA414178EFC}.Release|Any CPU.Build.0 = Release|Any CPU
	EndGlobalSection
	GlobalSection(SolutionProperties) = preSolution
		HideSolutionNode = FALSE
	EndGlobalSection
	GlobalSection(ExtensibilityGlobals) = postSolution
		SolutionGuid = {B3D043F4-AB96-4D54-980B-7DA3B5AF4A94}
	EndGlobalSection
EndGlobal
